
Microsoft Visual Studio Solution File, Format Version 12.00
# Visual Studio Version 17
VisualStudioVersion = 17.2.32616.157
MinimumVisualStudioVersion = 10.0.40219.1
Project("{FAE04EC0-301F-11D3-BF4B-00C04F79EFBC}") = "Lab_4_1_20", "Lab_4_1_20.csproj", "{0548ABBC-ACA6-4206-A3BB-F6FBD01D8F79}"
EndProject
Global
	GlobalSection(SolutionConfigurationPlatforms) = preSolution
		Debug|Any CPU = Debug|Any CPU
		Release|Any CPU = Release|Any CPU
	EndGlobalSection
	GlobalSection(ProjectConfigurationPlatforms) = postSolution
		{0548ABBC-ACA6-4206-A3BB-F6FBD01D8F79}.Debug|Any CPU.ActiveCfg = Debug|Any CPU
		{0548ABBC-ACA6-4206-A3BB-F6FBD01D8F79}.Debug|Any CPU.Build.0 = Debug|Any CPU
		{0548ABBC-ACA6-4206-A3BB-F6FBD01D8F79}.Release|Any CPU.ActiveCfg = Release|Any CPU
		{0548ABBC-ACA6-4206-A3BB-F6FBD01D8F79}.Release|Any CPU.Build.0 = Release|Any CPU
	EndGlobalSection
	GlobalSection(SolutionProperties) = preSolution
		HideSolutionNode = FALSE
	EndGlobalSection
	GlobalSection(ExtensibilityGlobals) = postSolution
		SolutionGuid = {80771341-B4DF-41B0-8E7F-72B4E5A000B0}
	EndGlobalSection
EndGlobal
